
Microsoft Visual Studio Solution File, Format Version 12.00
# Visual Studio Version 17
VisualStudioVersion = 17.4.33205.214
MinimumVisualStudioVersion = 10.0.40219.1
Project("{FAE04EC0-301F-11D3-BF4B-00C04F79EFBC}") = "TestApp", "TestApp.csproj", "{9BED0351-685E-4F40-A39F-11C29D838B9F}"
EndProject
Global
	GlobalSection(SolutionConfigurationPlatforms) = preSolution
		Debug|Any CPU = Debug|Any CPU
		Release|Any CPU = Release|Any CPU
	EndGlobalSection
	GlobalSection(ProjectConfigurationPlatforms) = postSolution
		{9BED0351-685E-4F40-A39F-11C29D838B9F}.Debug|Any CPU.ActiveCfg = Debug|Any CPU
		{9BED0351-685E-4F40-A39F-11C29D838B9F}.Debug|Any CPU.Build.0 = Debug|Any CPU
		{9BED0351-685E-4F40-A39F-11C29D838B9F}.Release|Any CPU.ActiveCfg = Release|Any CPU
		{9BED0351-685E-4F40-A39F-11C29D838B9F}.Release|Any CPU.Build.0 = Release|Any CPU
	EndGlobalSection
	GlobalSection(SolutionProperties) = preSolution
		HideSolutionNode = FALSE
	EndGlobalSection
	GlobalSection(ExtensibilityGlobals) = postSolution
		SolutionGuid = {1AE242E8-8D49-4AC7-963A-C2AE5C927C4C}
	EndGlobalSection
EndGlobal
